
Microsoft Visual Studio Solution File, Format Version 12.00
# Visual Studio Version 17
VisualStudioVersion = 17.0.32014.148
MinimumVisualStudioVersion = 10.0.40219.1
Project("{FAE04EC0-301F-11D3-BF4B-00C04F79EFBC}") = "Caregiving", "WindowsFormsApp1\Caregiving.csproj", "{193E0B2F-C191-40AD-8F2C-D327805EB36E}"
EndProject
Global
	GlobalSection(SolutionConfigurationPlatforms) = preSolution
		Debug|Any CPU = Debug|Any CPU
		Release|Any CPU = Release|Any CPU
	EndGlobalSection
	GlobalSection(ProjectConfigurationPlatforms) = postSolution
		{193E0B2F-C191-40AD-8F2C-D327805EB36E}.Debug|Any CPU.ActiveCfg = Debug|Any CPU
		{193E0B2F-C191-40AD-8F2C-D327805EB36E}.Debug|Any CPU.Build.0 = Debug|Any CPU
		{193E0B2F-C191-40AD-8F2C-D327805EB36E}.Release|Any CPU.ActiveCfg = Release|Any CPU
		{193E0B2F-C191-40AD-8F2C-D327805EB36E}.Release|Any CPU.Build.0 = Release|Any CPU
	EndGlobalSection
	GlobalSection(SolutionProperties) = preSolution
		HideSolutionNode = FALSE
	EndGlobalSection
	GlobalSection(ExtensibilityGlobals) = postSolution
		SolutionGuid = {ADCF9441-F419-4307-90E8-E98FBF5ABAEE}
	EndGlobalSection
EndGlobal
